
Microsoft Visual Studio Solution File, Format Version 12.00
# Visual Studio Version 17
VisualStudioVersion = 17.0.31903.59
MinimumVisualStudioVersion = 10.0.40219.1
Project("{FAE04EC0-301F-11D3-BF4B-00C04F79EFBC}") = "Domain", "Domain\Domain.csproj", "{696FA53B-8EB3-4BB2-8185-9A8744A6A102}"
EndProject
Project("{FAE04EC0-301F-11D3-BF4B-00C04F79EFBC}") = "Application", "Application\Application.csproj", "{41236C9B-757A-4A7D-A762-2F3CDC7EEC20}"
EndProject
Project("{FAE04EC0-301F-11D3-BF4B-00C04F79EFBC}") = "Infrastructure", "Infrastructure\Infrastructure.csproj", "{B331574A-B1C8-463C-991B-41BCBF1EEFC4}"
EndProject
Project("{FAE04EC0-301F-11D3-BF4B-00C04F79EFBC}") = "WebApi", "WebApi\WebApi.csproj", "{9D9F0694-91E2-41A2-9DB9-031AD0349BF0}"
EndProject
Global
	GlobalSection(SolutionConfigurationPlatforms) = preSolution
		Debug|Any CPU = Debug|Any CPU
		Debug|x64 = Debug|x64
		Debug|x86 = Debug|x86
		Release|Any CPU = Release|Any CPU
		Release|x64 = Release|x64
		Release|x86 = Release|x86
	EndGlobalSection
	GlobalSection(ProjectConfigurationPlatforms) = postSolution
		{696FA53B-8EB3-4BB2-8185-9A8744A6A102}.Debug|Any CPU.ActiveCfg = Debug|Any CPU
		{696FA53B-8EB3-4BB2-8185-9A8744A6A102}.Debug|Any CPU.Build.0 = Debug|Any CPU
		{696FA53B-8EB3-4BB2-8185-9A8744A6A102}.Debug|x64.ActiveCfg = Debug|Any CPU
		{696FA53B-8EB3-4BB2-8185-9A8744A6A102}.Debug|x64.Build.0 = Debug|Any CPU
		{696FA53B-8EB3-4BB2-8185-9A8744A6A102}.Debug|x86.ActiveCfg = Debug|Any CPU
		{696FA53B-8EB3-4BB2-8185-9A8744A6A102}.Debug|x86.Build.0 = Debug|Any CPU
		{696FA53B-8EB3-4BB2-8185-9A8744A6A102}.Release|Any CPU.ActiveCfg = Release|Any CPU
		{696FA53B-8EB3-4BB2-8185-9A8744A6A102}.Release|Any CPU.Build.0 = Release|Any CPU
		{696FA53B-8EB3-4BB2-8185-9A8744A6A102}.Release|x64.ActiveCfg = Release|Any CPU
		{696FA53B-8EB3-4BB2-8185-9A8744A6A102}.Release|x64.Build.0 = Release|Any CPU
		{696FA53B-8EB3-4BB2-8185-9A8744A6A102}.Release|x86.ActiveCfg = Release|Any CPU
		{696FA53B-8EB3-4BB2-8185-9A8744A6A102}.Release|x86.Build.0 = Release|Any CPU
		{41236C9B-757A-4A7D-A762-2F3CDC7EEC20}.Debug|Any CPU.ActiveCfg = Debug|Any CPU
		{41236C9B-757A-4A7D-A762-2F3CDC7EEC20}.Debug|Any CPU.Build.0 = Debug|Any CPU
		{41236C9B-757A-4A7D-A762-2F3CDC7EEC20}.Debug|x64.ActiveCfg = Debug|Any CPU
		{41236C9B-757A-4A7D-A762-2F3CDC7EEC20}.Debug|x64.Build.0 = Debug|Any CPU
		{41236C9B-757A-4A7D-A762-2F3CDC7EEC20}.Debug|x86.ActiveCfg = Debug|Any CPU
		{41236C9B-757A-4A7D-A762-2F3CDC7EEC20}.Debug|x86.Build.0 = Debug|Any CPU
		{41236C9B-757A-4A7D-A762-2F3CDC7EEC20}.Release|Any CPU.ActiveCfg = Release|Any CPU
		{41236C9B-757A-4A7D-A762-2F3CDC7EEC20}.Release|Any CPU.Build.0 = Release|Any CPU
		{41236C9B-757A-4A7D-A762-2F3CDC7EEC20}.Release|x64.ActiveCfg = Release|Any CPU
		{41236C9B-757A-4A7D-A762-2F3CDC7EEC20}.Release|x64.Build.0 = Release|Any CPU
		{41236C9B-757A-4A7D-A762-2F3CDC7EEC20}.Release|x86.ActiveCfg = Release|Any CPU
		{41236C9B-757A-4A7D-A762-2F3CDC7EEC20}.Release|x86.Build.0 = Release|Any CPU
		{B331574A-B1C8-463C-991B-41BCBF1EEFC4}.Debug|Any CPU.ActiveCfg = Debug|Any CPU
		{B331574A-B1C8-463C-991B-41BCBF1EEFC4}.Debug|Any CPU.Build.0 = Debug|Any CPU
		{B331574A-B1C8-463C-991B-41BCBF1EEFC4}.Debug|x64.ActiveCfg = Debug|Any CPU
		{B331574A-B1C8-463C-991B-41BCBF1EEFC4}.Debug|x64.Build.0 = Debug|Any CPU
		{B331574A-B1C8-463C-991B-41BCBF1EEFC4}.Debug|x86.ActiveCfg = Debug|Any CPU
		{B331574A-B1C8-463C-991B-41BCBF1EEFC4}.Debug|x86.Build.0 = Debug|Any CPU
		{B331574A-B1C8-463C-991B-41BCBF1EEFC4}.Release|Any CPU.ActiveCfg = Release|Any CPU
		{B331574A-B1C8-463C-991B-41BCBF1EEFC4}.Release|Any CPU.Build.0 = Release|Any CPU
		{B331574A-B1C8-463C-991B-41BCBF1EEFC4}.Release|x64.ActiveCfg = Release|Any CPU
		{B331574A-B1C8-463C-991B-41BCBF1EEFC4}.Release|x64.Build.0 = Release|Any CPU
		{B331574A-B1C8-463C-991B-41BCBF1EEFC4}.Release|x86.ActiveCfg = Release|Any CPU
		{B331574A-B1C8-463C-991B-41BCBF1EEFC4}.Release|x86.Build.0 = Release|Any CPU
		{9D9F0694-91E2-41A2-9DB9-031AD0349BF0}.Debug|Any CPU.ActiveCfg = Debug|Any CPU
		{9D9F0694-91E2-41A2-9DB9-031AD0349BF0}.Debug|Any CPU.Build.0 = Debug|Any CPU
		{9D9F0694-91E2-41A2-9DB9-031AD0349BF0}.Debug|x64.ActiveCfg = Debug|Any CPU
		{9D9F0694-91E2-41A2-9DB9-031AD0349BF0}.Debug|x64.Build.0 = Debug|Any CPU
		{9D9F0694-91E2-41A2-9DB9-031AD0349BF0}.Debug|x86.ActiveCfg = Debug|Any CPU
		{9D9F0694-91E2-41A2-9DB9-031AD0349BF0}.Debug|x86.Build.0 = Debug|Any CPU
		{9D9F0694-91E2-41A2-9DB9-031AD0349BF0}.Release|Any CPU.ActiveCfg = Release|Any CPU
		{9D9F0694-91E2-41A2-9DB9-031AD0349BF0}.Release|Any CPU.Build.0 = Release|Any CPU
		{9D9F0694-91E2-41A2-9DB9-031AD0349BF0}.Release|x64.ActiveCfg = Release|Any CPU
		{9D9F0694-91E2-41A2-9DB9-031AD0349BF0}.Release|x64.Build.0 = Release|Any CPU
		{9D9F0694-91E2-41A2-9DB9-031AD0349BF0}.Release|x86.ActiveCfg = Release|Any CPU
		{9D9F0694-91E2-41A2-9DB9-031AD0349BF0}.Release|x86.Build.0 = Release|Any CPU
	EndGlobalSection
	GlobalSection(SolutionProperties) = preSolution
		HideSolutionNode = FALSE
	EndGlobalSection
EndGlobal
